{
  "version": 4,
  "terraform_version": "1.5.5",
  "serial": 43,
  "lineage": "04d676a4-9924-002c-bf13-cc65a011818d",
  "outputs": {},
  "resources": [
    {
      "mode": "managed",
      "type": "databricks_job",
      "name": "experian_dlt_job",
      "provider": "provider[\"registry.terraform.io/databricks/databricks\"]",
      "instances": [
        {
          "schema_version": 2,
          "attributes": {
            "always_running": false,
            "continuous": [],
            "control_run_state": false,
            "dbt_task": [],
            "deployment": [
              {
                "kind": "BUNDLE",
                "metadata_file_path": "/Users/theodore.kop@databricks.com/.bundle/experian_dlt/dev/state/metadata.json"
              }
            ],
            "description": null,
            "edit_mode": "UI_LOCKED",
            "email_notifications": [
              {
                "no_alert_for_skipped_runs": false,
                "on_duration_warning_threshold_exceeded": null,
                "on_failure": [
                  "theodore.kop@databricks.com"
                ],
                "on_start": null,
                "on_success": null
              }
            ],
            "environment": [],
            "existing_cluster_id": null,
            "format": "MULTI_TASK",
            "git_source": [],
            "health": [],
            "id": "826760988299845",
            "job_cluster": [
              {
                "job_cluster_key": "job_cluster",
                "new_cluster": [
                  {
                    "apply_policy_default_values": false,
                    "autoscale": [
                      {
                        "max_workers": 4,
                        "min_workers": 1
                      }
                    ],
                    "autotermination_minutes": 0,
                    "aws_attributes": [
                      {
                        "availability": "SPOT_WITH_FALLBACK",
                        "ebs_volume_count": 0,
                        "ebs_volume_size": 0,
                        "ebs_volume_type": "",
                        "first_on_demand": 0,
                        "instance_profile_arn": "",
                        "spot_bid_price_percent": 0,
                        "zone_id": "us-west-2a"
                      }
                    ],
                    "azure_attributes": [],
                    "cluster_id": "",
                    "cluster_log_conf": [],
                    "cluster_mount_info": [],
                    "cluster_name": "",
                    "custom_tags": null,
                    "data_security_mode": "SINGLE_USER",
                    "docker_image": [],
                    "driver_instance_pool_id": "",
                    "driver_node_type_id": "",
                    "enable_elastic_disk": false,
                    "enable_local_disk_encryption": false,
                    "gcp_attributes": [],
                    "idempotency_token": "",
                    "init_scripts": [],
                    "instance_pool_id": "",
                    "node_type_id": "i3.xlarge",
                    "num_workers": 0,
                    "policy_id": "",
                    "runtime_engine": "",
                    "single_user_name": "",
                    "spark_conf": null,
                    "spark_env_vars": null,
                    "spark_version": "14.3.x-scala2.12",
                    "ssh_public_keys": null,
                    "workload_type": []
                  }
                ]
              }
            ],
            "library": [],
            "max_concurrent_runs": 4,
            "max_retries": 0,
            "min_retry_interval_millis": 0,
            "name": "[dev theodore_kop] experian_dlt_job",
            "new_cluster": [],
            "notebook_task": [],
            "notification_settings": [],
            "parameter": [
              {
                "default": "/Workspace//Users/theodore.kop@databricks.com/.bundle/experian_dlt/dev/files/resources/pipeline_config/pipeline_tbls_config.yml",
                "name": "config_path"
              }
            ],
            "pipeline_task": [],
            "python_wheel_task": [],
            "queue": [
              {
                "enabled": true
              }
            ],
            "retry_on_timeout": false,
            "run_as": [
              {
                "service_principal_name": "",
                "user_name": "theodore.kop@databricks.com"
              }
            ],
            "run_job_task": [],
            "schedule": [
              {
                "pause_status": "PAUSED",
                "quartz_cron_expression": "44 37 8 * * ?",
                "timezone_id": "Europe/Amsterdam"
              }
            ],
            "spark_jar_task": [],
            "spark_python_task": [],
            "spark_submit_task": [],
            "tags": {
              "dev": "theodore_kop"
            },
            "task": [
              {
                "condition_task": [],
                "dbt_task": [],
                "depends_on": [],
                "description": "",
                "email_notifications": [
                  {
                    "no_alert_for_skipped_runs": false,
                    "on_duration_warning_threshold_exceeded": [],
                    "on_failure": [],
                    "on_start": [],
                    "on_success": []
                  }
                ],
                "environment_key": "",
                "existing_cluster_id": "",
                "for_each_task": [],
                "health": [],
                "job_cluster_key": "",
                "library": [],
                "max_retries": 0,
                "min_retry_interval_millis": 0,
                "new_cluster": [],
                "notebook_task": [],
                "notification_settings": [],
                "pipeline_task": [
                  {
                    "full_refresh": false,
                    "pipeline_id": "d4b88a4e-60d8-4338-8d40-9e9d1c09aa94"
                  }
                ],
                "python_wheel_task": [],
                "retry_on_timeout": false,
                "run_if": "ALL_SUCCESS",
                "run_job_task": [],
                "spark_jar_task": [],
                "spark_python_task": [],
                "spark_submit_task": [],
                "sql_task": [],
                "task_key": "refresh_pipeline",
                "timeout_seconds": 0,
                "webhook_notifications": []
              }
            ],
            "timeout_seconds": 0,
            "timeouts": null,
            "trigger": [],
            "url": "https://e2-demo-field-eng.cloud.databricks.com/#job/826760988299845",
            "webhook_notifications": [
              {
                "on_duration_warning_threshold_exceeded": [],
                "on_failure": [],
                "on_start": [],
                "on_success": []
              }
            ]
          },
          "sensitive_attributes": [],
          "private": "eyJlMmJmYjczMC1lY2FhLTExZTYtOGY4OC0zNDM2M2JjN2M0YzAiOnsiY3JlYXRlIjoxODAwMDAwMDAwMDAwLCJ1cGRhdGUiOjE4MDAwMDAwMDAwMDB9LCJzY2hlbWFfdmVyc2lvbiI6IjIifQ==",
          "dependencies": [
            "databricks_pipeline.experian_dlt_pipeline"
          ]
        }
      ]
    },
    {
      "mode": "managed",
      "type": "databricks_pipeline",
      "name": "experian_dlt_pipeline",
      "provider": "provider[\"registry.terraform.io/databricks/databricks\"]",
      "instances": [
        {
          "schema_version": 0,
          "attributes": {
            "allow_duplicate_names": false,
            "catalog": "theodore_kop_quickstart",
            "channel": "PREVIEW",
            "cluster": [],
            "configuration": {
              "bundle.sourcePath": "/Workspace//Users/theodore.kop@databricks.com/.bundle/experian_dlt/dev/files/src"
            },
            "continuous": false,
            "deployment": [
              {
                "kind": "BUNDLE",
                "metadata_file_path": "/Users/theodore.kop@databricks.com/.bundle/experian_dlt/dev/state/metadata.json"
              }
            ],
            "development": true,
            "edition": "ADVANCED",
            "filters": [],
            "id": "d4b88a4e-60d8-4338-8d40-9e9d1c09aa94",
            "library": [
              {
                "file": [],
                "jar": "",
                "maven": [],
                "notebook": [
                  {
                    "path": "/Users/theodore.kop@databricks.com/.bundle/experian_dlt/dev/files/src/dlt_pipeline"
                  }
                ],
                "whl": ""
              }
            ],
            "name": "[dev theodore_kop] experian_dlt_pipeline",
            "notification": [],
            "photon": true,
            "serverless": false,
            "storage": null,
            "target": "experian_dlt_dev",
            "timeouts": null,
            "url": "https://e2-demo-field-eng.cloud.databricks.com/#joblist/pipelines/d4b88a4e-60d8-4338-8d40-9e9d1c09aa94"
          },
          "sensitive_attributes": [],
          "private": "eyJlMmJmYjczMC1lY2FhLTExZTYtOGY4OC0zNDM2M2JjN2M0YzAiOnsiY3JlYXRlIjoxMjAwMDAwMDAwMDAwLCJkZWZhdWx0IjoxMjAwMDAwMDAwMDAwLCJkZWxldGUiOjEyMDAwMDAwMDAwMDAsInJlYWQiOjEyMDAwMDAwMDAwMDAsInVwZGF0ZSI6MTIwMDAwMDAwMDAwMH19"
        }
      ]
    }
  ],
  "check_results": null
}
